
Microsoft Visual Studio Solution File, Format Version 12.00
# Visual Studio Version 17
VisualStudioVersion = 17.3.32804.467
MinimumVisualStudioVersion = 10.0.40219.1
Project("{9A19103F-16F7-4668-BE54-9A1E7A4F7556}") = "LoggingMvc.App", "src\LoggingMvc.App\LoggingMvc.App.csproj", "{E39144CD-4E61-457D-963F-120D489FE419}"
EndProject
Project("{9A19103F-16F7-4668-BE54-9A1E7A4F7556}") = "LoggingMvc.Business", "src\LoggingMvc.Business\LoggingMvc.Business.csproj", "{46B0D5C6-3747-41C2-B3A4-1B7A23AD7045}"
EndProject
Project("{9A19103F-16F7-4668-BE54-9A1E7A4F7556}") = "LoggingMvc.Data", "src\LoggingMvc.Data\LoggingMvc.Data.csproj", "{067CDD96-231B-45C7-B6BB-432DD1373FB2}"
EndProject
Project("{FAE04EC0-301F-11D3-BF4B-00C04F79EFBC}") = "LoggingMvc.Common", "src\LoggingMvc.Common\LoggingMvc.Common.csproj", "{0A37D7A5-09B9-4E2C-AE22-8F5E47C7B8D7}"
EndProject
Global
	GlobalSection(SolutionConfigurationPlatforms) = preSolution
		Debug|Any CPU = Debug|Any CPU
		Release|Any CPU = Release|Any CPU
	EndGlobalSection
	GlobalSection(ProjectConfigurationPlatforms) = postSolution
		{E39144CD-4E61-457D-963F-120D489FE419}.Debug|Any CPU.ActiveCfg = Debug|Any CPU
		{E39144CD-4E61-457D-963F-120D489FE419}.Debug|Any CPU.Build.0 = Debug|Any CPU
		{E39144CD-4E61-457D-963F-120D489FE419}.Release|Any CPU.ActiveCfg = Release|Any CPU
		{E39144CD-4E61-457D-963F-120D489FE419}.Release|Any CPU.Build.0 = Release|Any CPU
		{46B0D5C6-3747-41C2-B3A4-1B7A23AD7045}.Debug|Any CPU.ActiveCfg = Debug|Any CPU
		{46B0D5C6-3747-41C2-B3A4-1B7A23AD7045}.Debug|Any CPU.Build.0 = Debug|Any CPU
		{46B0D5C6-3747-41C2-B3A4-1B7A23AD7045}.Release|Any CPU.ActiveCfg = Release|Any CPU
		{46B0D5C6-3747-41C2-B3A4-1B7A23AD7045}.Release|Any CPU.Build.0 = Release|Any CPU
		{067CDD96-231B-45C7-B6BB-432DD1373FB2}.Debug|Any CPU.ActiveCfg = Debug|Any CPU
		{067CDD96-231B-45C7-B6BB-432DD1373FB2}.Debug|Any CPU.Build.0 = Debug|Any CPU
		{067CDD96-231B-45C7-B6BB-432DD1373FB2}.Release|Any CPU.ActiveCfg = Release|Any CPU
		{067CDD96-231B-45C7-B6BB-432DD1373FB2}.Release|Any CPU.Build.0 = Release|Any CPU
		{0A37D7A5-09B9-4E2C-AE22-8F5E47C7B8D7}.Debug|Any CPU.ActiveCfg = Debug|Any CPU
		{0A37D7A5-09B9-4E2C-AE22-8F5E47C7B8D7}.Debug|Any CPU.Build.0 = Debug|Any CPU
		{0A37D7A5-09B9-4E2C-AE22-8F5E47C7B8D7}.Release|Any CPU.ActiveCfg = Release|Any CPU
		{0A37D7A5-09B9-4E2C-AE22-8F5E47C7B8D7}.Release|Any CPU.Build.0 = Release|Any CPU
	EndGlobalSection
	GlobalSection(SolutionProperties) = preSolution
		HideSolutionNode = FALSE
	EndGlobalSection
	GlobalSection(ExtensibilityGlobals) = postSolution
		SolutionGuid = {5F5A5C62-7277-4D9B-8AF9-5CE5FC1AA087}
	EndGlobalSection
EndGlobal
